{
  "originHash" : "d69c62cd0ece5c2cdd02759550ecd9cad8c84039c489a83b6bfa4842e2e5ec10",
  "pins" : [
    {
      "identity" : "ios-card-scan",
      "kind" : "remoteSourceControl",
      "location" : "https://github.com/swiftlysingh/ios-card-scan.git",
      "state" : {
        "branch" : "master",
        "revision" : "e6c909ed064296c549596616eb09fdcd3e956a4a"
      }
    },
    {
      "identity" : "ios-shark-utils",
      "kind" : "remoteSourceControl",
      "location" : "https://github.com/gymshark/ios-shark-utils.git",
      "state" : {
        "revision" : "377455779103d45f537ae202b2dbb8575575dc92",
        "version" : "1.0.5"
      }
    },
    {
      "identity" : "posthog-ios",
      "kind" : "remoteSourceControl",
      "location" : "https://github.com/PostHog/posthog-ios.git",
      "state" : {
        "revision" : "9fcdb83e79b155c0dae104eadf5c269079dcbddb",
        "version" : "3.62.0"
      }
    },
    {
      "identity" : "purchases-ios",
      "kind" : "remoteSourceControl",
      "location" : "https://github.com/RevenueCat/purchases-ios.git",
      "state" : {
        "revision" : "e89cb027a472e5cf1c15435c4e690b9a3c170cdc",
        "version" : "5.80.0"
      }
    },
    {
      "identity" : "singhdevkit",
      "kind" : "remoteSourceControl",
      "location" : "https://github.com/swiftlysingh/SinghDevKit.git",
      "state" : {
        "revision" : "a2c2aff9d8a6621d780deadfec52fb2c3c76d3a6",
        "version" : "2.3.0"
      }
    },
    {
      "identity" : "whatsnewkit",
      "kind" : "remoteSourceControl",
      "location" : "https://github.com/SvenTiigi/WhatsNewKit.git",
      "state" : {
        "revision" : "6157c77e8be9b3d2310bc680681b61a8d9e290ac",
        "version" : "2.2.1"
      }
    }
  ],
  "version" : 3
}
