{
  "originHash" : "5e8d2e948158f8aa6fe1eac33e27c62e76002bd84e79b8a6dde25be922ab031a",
  "pins" : [
    {
      "identity" : "ios-card-scan",
      "kind" : "remoteSourceControl",
      "location" : "https://github.com/swiftlysingh/ios-card-scan.git",
      "state" : {
        "branch" : "master",
        "revision" : "e6c909ed064296c549596616eb09fdcd3e956a4a"
      }
    },
    {
      "identity" : "ios-shark-utils",
      "kind" : "remoteSourceControl",
      "location" : "https://github.com/gymshark/ios-shark-utils.git",
      "state" : {
        "revision" : "377455779103d45f537ae202b2dbb8575575dc92",
        "version" : "1.0.5"
      }
    },
    {
      "identity" : "swiftclient",
      "kind" : "remoteSourceControl",
      "location" : "https://github.com/TelemetryDeck/SwiftClient",
      "state" : {
        "revision" : "d20ccc4b8266cf739eede58cdfc7e9c6ffb41cda",
        "version" : "1.5.1"
      }
    },
    {
      "identity" : "whatsnewkit",
      "kind" : "remoteSourceControl",
      "location" : "https://github.com/SvenTiigi/WhatsNewKit.git",
      "state" : {
        "revision" : "a81f41ea63870205f281b8d051b264f7b303f6d4",
        "version" : "2.2.0"
      }
    }
  ],
  "version" : 3
}
