{
  "originHash" : "02b9e42011de8cabe456ee1a611a91bd482fa0c1d37683754fab5b49e5b55f8c",
  "pins" : [
    {
      "identity" : "ios-card-scan",
      "kind" : "remoteSourceControl",
      "location" : "https://github.com/swiftlysingh/ios-card-scan.git",
      "state" : {
        "branch" : "master",
        "revision" : "e6c909ed064296c549596616eb09fdcd3e956a4a"
      }
    },
    {
      "identity" : "ios-shark-utils",
      "kind" : "remoteSourceControl",
      "location" : "https://github.com/gymshark/ios-shark-utils.git",
      "state" : {
        "revision" : "377455779103d45f537ae202b2dbb8575575dc92",
        "version" : "1.0.5"
      }
    },
    {
      "identity" : "swiftboilerplate",
      "kind" : "remoteSourceControl",
      "location" : "git@github.com:swiftlysingh/SwiftBoilerplate.git",
      "state" : {
        "branch" : "main",
        "revision" : "03f34d631af6ad658b04daf11ff0bd331caa6294"
      }
    },
    {
      "identity" : "swiftclient",
      "kind" : "remoteSourceControl",
      "location" : "https://github.com/TelemetryDeck/SwiftClient",
      "state" : {
        "revision" : "d20ccc4b8266cf739eede58cdfc7e9c6ffb41cda",
        "version" : "1.5.1"
      }
    },
    {
      "identity" : "whatsnewkit",
      "kind" : "remoteSourceControl",
      "location" : "https://github.com/SvenTiigi/WhatsNewKit.git",
      "state" : {
        "revision" : "a81f41ea63870205f281b8d051b264f7b303f6d4",
        "version" : "2.2.0"
      }
    }
  ],
  "version" : 3
}
