// !$*UTF8*$!
{
	archiveVersion = 1;
	classes = {
	};
	objectVersion = 56;
	objects = {

/* Begin PBXBuildFile section */
		EE1D3E902B66AE66009733A5 /* Tip.swift in Sources */ = {isa = PBXBuildFile; fileRef = EE1D3E8F2B66AE66009733A5 /* Tip.swift */; };
		EE1D3E922B66AE83009733A5 /* CardViewModel.swift in Sources */ = {isa = PBXBuildFile; fileRef = EE1D3E912B66AE83009733A5 /* CardViewModel.swift */; };
		EE1D3E982B69379E009733A5 /* SettingsViewModel.swift in Sources */ = {isa = PBXBuildFile; fileRef = EE1D3E972B69379E009733A5 /* SettingsViewModel.swift */; };
		EE1D3E9D2B6AC7BC009733A5 /* SharkCardScanViewRepresentable.swift in Sources */ = {isa = PBXBuildFile; fileRef = EE1D3E9C2B6AC7BC009733A5 /* SharkCardScanViewRepresentable.swift */; };
		EE3406CE2B6D0FF8007E7DD2 /* SharkCardScan in Frameworks */ = {isa = PBXBuildFile; productRef = EE3406CD2B6D0FF8007E7DD2 /* SharkCardScan */; };
		EE599BAC2B23900A002F49F8 /* SettingsView.swift in Sources */ = {isa = PBXBuildFile; fileRef = EE599BAB2B23900A002F49F8 /* SettingsView.swift */; };
		EE599BAE2B2398DF002F49F8 /* UserSettings.swift in Sources */ = {isa = PBXBuildFile; fileRef = EE599BAD2B2398DF002F49F8 /* UserSettings.swift */; };
		EE599BB02B239F28002F49F8 /* CardView.swift in Sources */ = {isa = PBXBuildFile; fileRef = EE599BAF2B239F27002F49F8 /* CardView.swift */; };
		EE599BB22B24465A002F49F8 /* Extensions.swift in Sources */ = {isa = PBXBuildFile; fileRef = EE599BB12B24465A002F49F8 /* Extensions.swift */; };
		EE599BB62B24495F002F49F8 /* CardData.swift in Sources */ = {isa = PBXBuildFile; fileRef = EE599BB52B24495F002F49F8 /* CardData.swift */; };
		EE6495A32BB16309008B71D7 /* TelemetryClient in Frameworks */ = {isa = PBXBuildFile; productRef = EE6495A22BB16309008B71D7 /* TelemetryClient */; };
		EE6495A52BB16337008B71D7 /* TelemetryDeck.swift in Sources */ = {isa = PBXBuildFile; fileRef = EE6495A42BB16337008B71D7 /* TelemetryDeck.swift */; };
		EE8ADBEF2B66A5B600F0DC29 /* HomeViewModel.swift in Sources */ = {isa = PBXBuildFile; fileRef = EE8ADBEE2B66A5B600F0DC29 /* HomeViewModel.swift */; };
		EE960C4F2B4AC00B00B67805 /* CardDataStore.swift in Sources */ = {isa = PBXBuildFile; fileRef = EE960C4E2B4AC00B00B67805 /* CardDataStore.swift */; };
		EEABD0D12B6D8AD600FF34E6 /* WhatsNewKit in Frameworks */ = {isa = PBXBuildFile; productRef = EEABD0D02B6D8AD600FF34E6 /* WhatsNewKit */; };
		EEBB52EA2B238D6600035B92 /* CreditCard.swift in Sources */ = {isa = PBXBuildFile; fileRef = EEBB52E92B238D6600035B92 /* CreditCard.swift */; };
		EEBB52EC2B238D6600035B92 /* HomeView.swift in Sources */ = {isa = PBXBuildFile; fileRef = EEBB52EB2B238D6600035B92 /* HomeView.swift */; };
		EEBB52EE2B238D6800035B92 /* Assets.xcassets in Resources */ = {isa = PBXBuildFile; fileRef = EEBB52ED2B238D6800035B92 /* Assets.xcassets */; };
		EEBB52F12B238D6800035B92 /* Preview Assets.xcassets in Resources */ = {isa = PBXBuildFile; fileRef = EEBB52F02B238D6800035B92 /* Preview Assets.xcassets */; };
		EEBED8C82B6D7F6F00BEBE87 /* CardScanViewStyle.swift in Sources */ = {isa = PBXBuildFile; fileRef = EEBED8C72B6D7F6F00BEBE87 /* CardScanViewStyle.swift */; };
/* End PBXBuildFile section */

/* Begin PBXFileReference section */
		EE1D3E8F2B66AE66009733A5 /* Tip.swift */ = {isa = PBXFileReference; lastKnownFileType = sourcecode.swift; path = Tip.swift; sourceTree = "<group>"; };
		EE1D3E912B66AE83009733A5 /* CardViewModel.swift */ = {isa = PBXFileReference; lastKnownFileType = sourcecode.swift; path = CardViewModel.swift; sourceTree = "<group>"; };
		EE1D3E972B69379E009733A5 /* SettingsViewModel.swift */ = {isa = PBXFileReference; lastKnownFileType = sourcecode.swift; path = SettingsViewModel.swift; sourceTree = "<group>"; };
		EE1D3E9C2B6AC7BC009733A5 /* SharkCardScanViewRepresentable.swift */ = {isa = PBXFileReference; lastKnownFileType = sourcecode.swift; path = SharkCardScanViewRepresentable.swift; sourceTree = "<group>"; };
		EE599BAB2B23900A002F49F8 /* SettingsView.swift */ = {isa = PBXFileReference; lastKnownFileType = sourcecode.swift; path = SettingsView.swift; sourceTree = "<group>"; };
		EE599BAD2B2398DF002F49F8 /* UserSettings.swift */ = {isa = PBXFileReference; lastKnownFileType = sourcecode.swift; path = UserSettings.swift; sourceTree = "<group>"; };
		EE599BAF2B239F27002F49F8 /* CardView.swift */ = {isa = PBXFileReference; lastKnownFileType = sourcecode.swift; path = CardView.swift; sourceTree = "<group>"; };
		EE599BB12B24465A002F49F8 /* Extensions.swift */ = {isa = PBXFileReference; lastKnownFileType = sourcecode.swift; path = Extensions.swift; sourceTree = "<group>"; };
		EE599BB52B24495F002F49F8 /* CardData.swift */ = {isa = PBXFileReference; lastKnownFileType = sourcecode.swift; path = CardData.swift; sourceTree = "<group>"; };
		EE6495A42BB16337008B71D7 /* TelemetryDeck.swift */ = {isa = PBXFileReference; lastKnownFileType = sourcecode.swift; path = TelemetryDeck.swift; sourceTree = "<group>"; };
		EE7AF3E82B4C3A1300F2F7C0 /* Info.plist */ = {isa = PBXFileReference; lastKnownFileType = text.plist; path = Info.plist; sourceTree = "<group>"; };
		EE8ADBEE2B66A5B600F0DC29 /* HomeViewModel.swift */ = {isa = PBXFileReference; lastKnownFileType = sourcecode.swift; path = HomeViewModel.swift; sourceTree = "<group>"; };
		EE960C4E2B4AC00B00B67805 /* CardDataStore.swift */ = {isa = PBXFileReference; lastKnownFileType = sourcecode.swift; path = CardDataStore.swift; sourceTree = "<group>"; };
		EEBB52E62B238D6600035B92 /* Holder: A Secure Card Vault.app */ = {isa = PBXFileReference; explicitFileType = wrapper.application; includeInIndex = 0; path = "Holder: A Secure Card Vault.app"; sourceTree = BUILT_PRODUCTS_DIR; };
		EEBB52E92B238D6600035B92 /* CreditCard.swift */ = {isa = PBXFileReference; lastKnownFileType = sourcecode.swift; path = CreditCard.swift; sourceTree = "<group>"; };
		EEBB52EB2B238D6600035B92 /* HomeView.swift */ = {isa = PBXFileReference; lastKnownFileType = sourcecode.swift; path = HomeView.swift; sourceTree = "<group>"; };
		EEBB52ED2B238D6800035B92 /* Assets.xcassets */ = {isa = PBXFileReference; lastKnownFileType = folder.assetcatalog; path = Assets.xcassets; sourceTree = "<group>"; };
		EEBB52F02B238D6800035B92 /* Preview Assets.xcassets */ = {isa = PBXFileReference; lastKnownFileType = folder.assetcatalog; path = "Preview Assets.xcassets"; sourceTree = "<group>"; };
		EEBED8C72B6D7F6F00BEBE87 /* CardScanViewStyle.swift */ = {isa = PBXFileReference; lastKnownFileType = sourcecode.swift; path = CardScanViewStyle.swift; sourceTree = "<group>"; };
/* End PBXFileReference section */

/* Begin PBXFrameworksBuildPhase section */
		EEBB52E32B238D6600035B92 /* Frameworks */ = {
			isa = PBXFrameworksBuildPhase;
			buildActionMask = 2147483647;
			files = (
				EEABD0D12B6D8AD600FF34E6 /* WhatsNewKit in Frameworks */,
				EE6495A32BB16309008B71D7 /* TelemetryClient in Frameworks */,
				EE3406CE2B6D0FF8007E7DD2 /* SharkCardScan in Frameworks */,
			);
			runOnlyForDeploymentPostprocessing = 0;
		};
/* End PBXFrameworksBuildPhase section */

/* Begin PBXGroup section */
		EE1D3E8D2B66AE2A009733A5 /* Home */ = {
			isa = PBXGroup;
			children = (
				EE8ADBEE2B66A5B600F0DC29 /* HomeViewModel.swift */,
				EEBB52EB2B238D6600035B92 /* HomeView.swift */,
			);
			path = Home;
			sourceTree = "<group>";
		};
		EE1D3E8E2B66AE36009733A5 /* Settings */ = {
			isa = PBXGroup;
			children = (
				EE599BAB2B23900A002F49F8 /* SettingsView.swift */,
				EE599BAD2B2398DF002F49F8 /* UserSettings.swift */,
				EE1D3E972B69379E009733A5 /* SettingsViewModel.swift */,
			);
			path = Settings;
			sourceTree = "<group>";
		};
		EE1D3E932B66B133009733A5 /* CardView */ = {
			isa = PBXGroup;
			children = (
				EE599BAF2B239F27002F49F8 /* CardView.swift */,
				EE1D3E912B66AE83009733A5 /* CardViewModel.swift */,
				EE1D3E8F2B66AE66009733A5 /* Tip.swift */,
			);
			path = CardView;
			sourceTree = "<group>";
		};
		EE1D3E942B66B156009733A5 /* Model */ = {
			isa = PBXGroup;
			children = (
				EE960C4E2B4AC00B00B67805 /* CardDataStore.swift */,
				EE599BB52B24495F002F49F8 /* CardData.swift */,
			);
			path = Model;
			sourceTree = "<group>";
		};
		EEBB52DD2B238D6600035B92 = {
			isa = PBXGroup;
			children = (
				EEBB52E82B238D6600035B92 /* cards */,
				EEBB52E72B238D6600035B92 /* Products */,
			);
			sourceTree = "<group>";
		};
		EEBB52E72B238D6600035B92 /* Products */ = {
			isa = PBXGroup;
			children = (
				EEBB52E62B238D6600035B92 /* Holder: A Secure Card Vault.app */,
			);
			name = Products;
			sourceTree = "<group>";
		};
		EEBB52E82B238D6600035B92 /* cards */ = {
			isa = PBXGroup;
			children = (
				EE6495A42BB16337008B71D7 /* TelemetryDeck.swift */,
				EE7AF3E82B4C3A1300F2F7C0 /* Info.plist */,
				EEBB52E92B238D6600035B92 /* CreditCard.swift */,
				EE1D3E8D2B66AE2A009733A5 /* Home */,
				EE1D3E932B66B133009733A5 /* CardView */,
				EEBED8C92B6D7F8A00BEBE87 /* ScanView */,
				EE1D3E8E2B66AE36009733A5 /* Settings */,
				EE1D3E942B66B156009733A5 /* Model */,
				EE599BB12B24465A002F49F8 /* Extensions.swift */,
				EEBB52ED2B238D6800035B92 /* Assets.xcassets */,
				EEBB52EF2B238D6800035B92 /* Preview Content */,
			);
			path = cards;
			sourceTree = "<group>";
		};
		EEBB52EF2B238D6800035B92 /* Preview Content */ = {
			isa = PBXGroup;
			children = (
				EEBB52F02B238D6800035B92 /* Preview Assets.xcassets */,
			);
			path = "Preview Content";
			sourceTree = "<group>";
		};
		EEBED8C92B6D7F8A00BEBE87 /* ScanView */ = {
			isa = PBXGroup;
			children = (
				EE1D3E9C2B6AC7BC009733A5 /* SharkCardScanViewRepresentable.swift */,
				EEBED8C72B6D7F6F00BEBE87 /* CardScanViewStyle.swift */,
			);
			path = ScanView;
			sourceTree = "<group>";
		};
/* End PBXGroup section */

/* Begin PBXNativeTarget section */
		EEBB52E52B238D6600035B92 /* cards */ = {
			isa = PBXNativeTarget;
			buildConfigurationList = EEBB52F42B238D6800035B92 /* Build configuration list for PBXNativeTarget "cards" */;
			buildPhases = (
				EEBB52E22B238D6600035B92 /* Sources */,
				EEBB52E32B238D6600035B92 /* Frameworks */,
				EEBB52E42B238D6600035B92 /* Resources */,
			);
			buildRules = (
			);
			dependencies = (
			);
			name = cards;
			packageProductDependencies = (
				EE3406CD2B6D0FF8007E7DD2 /* SharkCardScan */,
				EEABD0D02B6D8AD600FF34E6 /* WhatsNewKit */,
				EE6495A22BB16309008B71D7 /* TelemetryClient */,
			);
			productName = "credit-card";
			productReference = EEBB52E62B238D6600035B92 /* Holder: A Secure Card Vault.app */;
			productType = "com.apple.product-type.application";
		};
/* End PBXNativeTarget section */

/* Begin PBXProject section */
		EEBB52DE2B238D6600035B92 /* Project object */ = {
			isa = PBXProject;
			attributes = {
				BuildIndependentTargetsInParallel = 1;
				LastSwiftUpdateCheck = 1500;
				LastUpgradeCheck = 1500;
				TargetAttributes = {
					EEBB52E52B238D6600035B92 = {
						CreatedOnToolsVersion = 15.0;
					};
				};
			};
			buildConfigurationList = EEBB52E12B238D6600035B92 /* Build configuration list for PBXProject "cards" */;
			compatibilityVersion = "Xcode 14.0";
			developmentRegion = en;
			hasScannedForEncodings = 0;
			knownRegions = (
				en,
				Base,
			);
			mainGroup = EEBB52DD2B238D6600035B92;
			packageReferences = (
				EE3406CC2B6D0FF8007E7DD2 /* XCRemoteSwiftPackageReference "ios-card-scan" */,
				EEABD0CF2B6D8AD600FF34E6 /* XCRemoteSwiftPackageReference "WhatsNewKit" */,
				EE6495A12BB16309008B71D7 /* XCRemoteSwiftPackageReference "SwiftClient" */,
			);
			productRefGroup = EEBB52E72B238D6600035B92 /* Products */;
			projectDirPath = "";
			projectRoot = "";
			targets = (
				EEBB52E52B238D6600035B92 /* cards */,
			);
		};
/* End PBXProject section */

/* Begin PBXResourcesBuildPhase section */
		EEBB52E42B238D6600035B92 /* Resources */ = {
			isa = PBXResourcesBuildPhase;
			buildActionMask = 2147483647;
			files = (
				EEBB52F12B238D6800035B92 /* Preview Assets.xcassets in Resources */,
				EEBB52EE2B238D6800035B92 /* Assets.xcassets in Resources */,
			);
			runOnlyForDeploymentPostprocessing = 0;
		};
/* End PBXResourcesBuildPhase section */

/* Begin PBXSourcesBuildPhase section */
		EEBB52E22B238D6600035B92 /* Sources */ = {
			isa = PBXSourcesBuildPhase;
			buildActionMask = 2147483647;
			files = (
				EE1D3E922B66AE83009733A5 /* CardViewModel.swift in Sources */,
				EE599BAC2B23900A002F49F8 /* SettingsView.swift in Sources */,
				EE8ADBEF2B66A5B600F0DC29 /* HomeViewModel.swift in Sources */,
				EE1D3E9D2B6AC7BC009733A5 /* SharkCardScanViewRepresentable.swift in Sources */,
				EE599BB22B24465A002F49F8 /* Extensions.swift in Sources */,
				EE599BAE2B2398DF002F49F8 /* UserSettings.swift in Sources */,
				EE960C4F2B4AC00B00B67805 /* CardDataStore.swift in Sources */,
				EEBB52EC2B238D6600035B92 /* HomeView.swift in Sources */,
				EE6495A52BB16337008B71D7 /* TelemetryDeck.swift in Sources */,
				EE599BB62B24495F002F49F8 /* CardData.swift in Sources */,
				EE1D3E902B66AE66009733A5 /* Tip.swift in Sources */,
				EEBB52EA2B238D6600035B92 /* CreditCard.swift in Sources */,
				EE599BB02B239F28002F49F8 /* CardView.swift in Sources */,
				EE1D3E982B69379E009733A5 /* SettingsViewModel.swift in Sources */,
				EEBED8C82B6D7F6F00BEBE87 /* CardScanViewStyle.swift in Sources */,
			);
			runOnlyForDeploymentPostprocessing = 0;
		};
/* End PBXSourcesBuildPhase section */

/* Begin XCBuildConfiguration section */
		EE1D3E952B692C9F009733A5 /* Beta */ = {
			isa = XCBuildConfiguration;
			buildSettings = {
				ALWAYS_SEARCH_USER_PATHS = NO;
				ASSETCATALOG_COMPILER_GENERATE_SWIFT_ASSET_SYMBOL_EXTENSIONS = YES;
				CLANG_ANALYZER_NONNULL = YES;
				CLANG_ANALYZER_NUMBER_OBJECT_CONVERSION = YES_AGGRESSIVE;
				CLANG_CXX_LANGUAGE_STANDARD = "gnu++20";
				CLANG_ENABLE_MODULES = YES;
				CLANG_ENABLE_OBJC_ARC = YES;
				CLANG_ENABLE_OBJC_WEAK = YES;
				CLANG_WARN_BLOCK_CAPTURE_AUTORELEASING = YES;
				CLANG_WARN_BOOL_CONVERSION = YES;
				CLANG_WARN_COMMA = YES;
				CLANG_WARN_CONSTANT_CONVERSION = YES;
				CLANG_WARN_DEPRECATED_OBJC_IMPLEMENTATIONS = YES;
				CLANG_WARN_DIRECT_OBJC_ISA_USAGE = YES_ERROR;
				CLANG_WARN_DOCUMENTATION_COMMENTS = YES;
				CLANG_WARN_EMPTY_BODY = YES;
				CLANG_WARN_ENUM_CONVERSION = YES;
				CLANG_WARN_INFINITE_RECURSION = YES;
				CLANG_WARN_INT_CONVERSION = YES;
				CLANG_WARN_NON_LITERAL_NULL_CONVERSION = YES;
				CLANG_WARN_OBJC_IMPLICIT_RETAIN_SELF = YES;
				CLANG_WARN_OBJC_LITERAL_CONVERSION = YES;
				CLANG_WARN_OBJC_ROOT_CLASS = YES_ERROR;
				CLANG_WARN_QUOTED_INCLUDE_IN_FRAMEWORK_HEADER = YES;
				CLANG_WARN_RANGE_LOOP_ANALYSIS = YES;
				CLANG_WARN_STRICT_PROTOTYPES = YES;
				CLANG_WARN_SUSPICIOUS_MOVE = YES;
				CLANG_WARN_UNGUARDED_AVAILABILITY = YES_AGGRESSIVE;
				CLANG_WARN_UNREACHABLE_CODE = YES;
				CLANG_WARN__DUPLICATE_METHOD_MATCH = YES;
				COPY_PHASE_STRIP = NO;
				DEBUG_INFORMATION_FORMAT = "dwarf-with-dsym";
				ENABLE_NS_ASSERTIONS = NO;
				ENABLE_STRICT_OBJC_MSGSEND = YES;
				ENABLE_USER_SCRIPT_SANDBOXING = YES;
				GCC_C_LANGUAGE_STANDARD = gnu17;
				GCC_NO_COMMON_BLOCKS = YES;
				GCC_WARN_64_TO_32_BIT_CONVERSION = YES;
				GCC_WARN_ABOUT_RETURN_TYPE = YES_ERROR;
				GCC_WARN_UNDECLARED_SELECTOR = YES;
				GCC_WARN_UNINITIALIZED_AUTOS = YES_AGGRESSIVE;
				GCC_WARN_UNUSED_FUNCTION = YES;
				GCC_WARN_UNUSED_VARIABLE = YES;
				IPHONEOS_DEPLOYMENT_TARGET = 17.0;
				LOCALIZATION_PREFERS_STRING_CATALOGS = YES;
				MTL_ENABLE_DEBUG_INFO = NO;
				MTL_FAST_MATH = YES;
				SDKROOT = iphoneos;
				SWIFT_COMPILATION_MODE = wholemodule;
				VALIDATE_PRODUCT = YES;
			};
			name = Beta;
		};
		EE1D3E962B692C9F009733A5 /* Beta */ = {
			isa = XCBuildConfiguration;
			buildSettings = {
				ASSETCATALOG_COMPILER_APPICON_NAME = AppIcon;
				ASSETCATALOG_COMPILER_GLOBAL_ACCENT_COLOR_NAME = AccentColor;
				CODE_SIGN_STYLE = Automatic;
				CURRENT_PROJECT_VERSION = 6;
				DEVELOPMENT_ASSET_PATHS = "\"cards/Preview Content\"";
				DEVELOPMENT_TEAM = 4WMQY24R33;
				ENABLE_PREVIEWS = YES;
				GENERATE_INFOPLIST_FILE = YES;
				INFOPLIST_FILE = cards/Info.plist;
				INFOPLIST_KEY_CFBundleDisplayName = "Holder Beta";
				INFOPLIST_KEY_LSApplicationCategoryType = "public.app-category.utilities";
				INFOPLIST_KEY_NSCameraUsageDescription = "To scan cards";
				INFOPLIST_KEY_NSFaceIDUsageDescription = "To protect card details";
				INFOPLIST_KEY_UIApplicationSceneManifest_Generation = YES;
				INFOPLIST_KEY_UIApplicationSupportsIndirectInputEvents = YES;
				INFOPLIST_KEY_UILaunchScreen_Generation = YES;
				INFOPLIST_KEY_UISupportedInterfaceOrientations_iPad = "UIInterfaceOrientationPortrait UIInterfaceOrientationPortraitUpsideDown UIInterfaceOrientationLandscapeLeft UIInterfaceOrientationLandscapeRight";
				INFOPLIST_KEY_UISupportedInterfaceOrientations_iPhone = "UIInterfaceOrientationPortrait UIInterfaceOrientationLandscapeLeft UIInterfaceOrientationLandscapeRight";
				LD_RUNPATH_SEARCH_PATHS = (
					"$(inherited)",
					"@executable_path/Frameworks",
				);
				MARKETING_VERSION = 1.4;
				PRODUCT_BUNDLE_IDENTIFIER = com.swiftlysingh.cards.beta;
				PRODUCT_NAME = "Holder: A Secure Card Vault";
				SUPPORTED_PLATFORMS = "iphoneos iphonesimulator xros xrsimulator";
				SUPPORTS_MACCATALYST = NO;
				SUPPORTS_XR_DESIGNED_FOR_IPHONE_IPAD = NO;
				SWIFT_EMIT_LOC_STRINGS = YES;
				SWIFT_VERSION = 5.0;
				TARGETED_DEVICE_FAMILY = "1,2,7";
			};
			name = Beta;
		};
		EEBB52F22B238D6800035B92 /* Debug */ = {
			isa = XCBuildConfiguration;
			buildSettings = {
				ALWAYS_SEARCH_USER_PATHS = NO;
				ASSETCATALOG_COMPILER_GENERATE_SWIFT_ASSET_SYMBOL_EXTENSIONS = YES;
				CLANG_ANALYZER_NONNULL = YES;
				CLANG_ANALYZER_NUMBER_OBJECT_CONVERSION = YES_AGGRESSIVE;
				CLANG_CXX_LANGUAGE_STANDARD = "gnu++20";
				CLANG_ENABLE_MODULES = YES;
				CLANG_ENABLE_OBJC_ARC = YES;
				CLANG_ENABLE_OBJC_WEAK = YES;
				CLANG_WARN_BLOCK_CAPTURE_AUTORELEASING = YES;
				CLANG_WARN_BOOL_CONVERSION = YES;
				CLANG_WARN_COMMA = YES;
				CLANG_WARN_CONSTANT_CONVERSION = YES;
				CLANG_WARN_DEPRECATED_OBJC_IMPLEMENTATIONS = YES;
				CLANG_WARN_DIRECT_OBJC_ISA_USAGE = YES_ERROR;
				CLANG_WARN_DOCUMENTATION_COMMENTS = YES;
				CLANG_WARN_EMPTY_BODY = YES;
				CLANG_WARN_ENUM_CONVERSION = YES;
				CLANG_WARN_INFINITE_RECURSION = YES;
				CLANG_WARN_INT_CONVERSION = YES;
				CLANG_WARN_NON_LITERAL_NULL_CONVERSION = YES;
				CLANG_WARN_OBJC_IMPLICIT_RETAIN_SELF = YES;
				CLANG_WARN_OBJC_LITERAL_CONVERSION = YES;
				CLANG_WARN_OBJC_ROOT_CLASS = YES_ERROR;
				CLANG_WARN_QUOTED_INCLUDE_IN_FRAMEWORK_HEADER = YES;
				CLANG_WARN_RANGE_LOOP_ANALYSIS = YES;
				CLANG_WARN_STRICT_PROTOTYPES = YES;
				CLANG_WARN_SUSPICIOUS_MOVE = YES;
				CLANG_WARN_UNGUARDED_AVAILABILITY = YES_AGGRESSIVE;
				CLANG_WARN_UNREACHABLE_CODE = YES;
				CLANG_WARN__DUPLICATE_METHOD_MATCH = YES;
				COPY_PHASE_STRIP = NO;
				DEBUG_INFORMATION_FORMAT = dwarf;
				ENABLE_STRICT_OBJC_MSGSEND = YES;
				ENABLE_TESTABILITY = YES;
				ENABLE_USER_SCRIPT_SANDBOXING = YES;
				GCC_C_LANGUAGE_STANDARD = gnu17;
				GCC_DYNAMIC_NO_PIC = NO;
				GCC_NO_COMMON_BLOCKS = YES;
				GCC_OPTIMIZATION_LEVEL = 0;
				GCC_PREPROCESSOR_DEFINITIONS = (
					"DEBUG=1",
					"$(inherited)",
				);
				GCC_WARN_64_TO_32_BIT_CONVERSION = YES;
				GCC_WARN_ABOUT_RETURN_TYPE = YES_ERROR;
				GCC_WARN_UNDECLARED_SELECTOR = YES;
				GCC_WARN_UNINITIALIZED_AUTOS = YES_AGGRESSIVE;
				GCC_WARN_UNUSED_FUNCTION = YES;
				GCC_WARN_UNUSED_VARIABLE = YES;
				IPHONEOS_DEPLOYMENT_TARGET = 17.0;
				LOCALIZATION_PREFERS_STRING_CATALOGS = YES;
				MTL_ENABLE_DEBUG_INFO = INCLUDE_SOURCE;
				MTL_FAST_MATH = YES;
				ONLY_ACTIVE_ARCH = YES;
				SDKROOT = iphoneos;
				SWIFT_ACTIVE_COMPILATION_CONDITIONS = "DEBUG $(inherited)";
				SWIFT_OPTIMIZATION_LEVEL = "-Onone";
			};
			name = Debug;
		};
		EEBB52F32B238D6800035B92 /* Release */ = {
			isa = XCBuildConfiguration;
			buildSettings = {
				ALWAYS_SEARCH_USER_PATHS = NO;
				ASSETCATALOG_COMPILER_GENERATE_SWIFT_ASSET_SYMBOL_EXTENSIONS = YES;
				CLANG_ANALYZER_NONNULL = YES;
				CLANG_ANALYZER_NUMBER_OBJECT_CONVERSION = YES_AGGRESSIVE;
				CLANG_CXX_LANGUAGE_STANDARD = "gnu++20";
				CLANG_ENABLE_MODULES = YES;
				CLANG_ENABLE_OBJC_ARC = YES;
				CLANG_ENABLE_OBJC_WEAK = YES;
				CLANG_WARN_BLOCK_CAPTURE_AUTORELEASING = YES;
				CLANG_WARN_BOOL_CONVERSION = YES;
				CLANG_WARN_COMMA = YES;
				CLANG_WARN_CONSTANT_CONVERSION = YES;
				CLANG_WARN_DEPRECATED_OBJC_IMPLEMENTATIONS = YES;
				CLANG_WARN_DIRECT_OBJC_ISA_USAGE = YES_ERROR;
				CLANG_WARN_DOCUMENTATION_COMMENTS = YES;
				CLANG_WARN_EMPTY_BODY = YES;
				CLANG_WARN_ENUM_CONVERSION = YES;
				CLANG_WARN_INFINITE_RECURSION = YES;
				CLANG_WARN_INT_CONVERSION = YES;
				CLANG_WARN_NON_LITERAL_NULL_CONVERSION = YES;
				CLANG_WARN_OBJC_IMPLICIT_RETAIN_SELF = YES;
				CLANG_WARN_OBJC_LITERAL_CONVERSION = YES;
				CLANG_WARN_OBJC_ROOT_CLASS = YES_ERROR;
				CLANG_WARN_QUOTED_INCLUDE_IN_FRAMEWORK_HEADER = YES;
				CLANG_WARN_RANGE_LOOP_ANALYSIS = YES;
				CLANG_WARN_STRICT_PROTOTYPES = YES;
				CLANG_WARN_SUSPICIOUS_MOVE = YES;
				CLANG_WARN_UNGUARDED_AVAILABILITY = YES_AGGRESSIVE;
				CLANG_WARN_UNREACHABLE_CODE = YES;
				CLANG_WARN__DUPLICATE_METHOD_MATCH = YES;
				COPY_PHASE_STRIP = NO;
				DEBUG_INFORMATION_FORMAT = "dwarf-with-dsym";
				ENABLE_NS_ASSERTIONS = NO;
				ENABLE_STRICT_OBJC_MSGSEND = YES;
				ENABLE_USER_SCRIPT_SANDBOXING = YES;
				GCC_C_LANGUAGE_STANDARD = gnu17;
				GCC_NO_COMMON_BLOCKS = YES;
				GCC_WARN_64_TO_32_BIT_CONVERSION = YES;
				GCC_WARN_ABOUT_RETURN_TYPE = YES_ERROR;
				GCC_WARN_UNDECLARED_SELECTOR = YES;
				GCC_WARN_UNINITIALIZED_AUTOS = YES_AGGRESSIVE;
				GCC_WARN_UNUSED_FUNCTION = YES;
				GCC_WARN_UNUSED_VARIABLE = YES;
				IPHONEOS_DEPLOYMENT_TARGET = 17.0;
				LOCALIZATION_PREFERS_STRING_CATALOGS = YES;
				MTL_ENABLE_DEBUG_INFO = NO;
				MTL_FAST_MATH = YES;
				SDKROOT = iphoneos;
				SWIFT_COMPILATION_MODE = wholemodule;
				VALIDATE_PRODUCT = YES;
			};
			name = Release;
		};
		EEBB52F52B238D6800035B92 /* Debug */ = {
			isa = XCBuildConfiguration;
			buildSettings = {
				ASSETCATALOG_COMPILER_APPICON_NAME = AppIcon;
				ASSETCATALOG_COMPILER_GLOBAL_ACCENT_COLOR_NAME = AccentColor;
				CODE_SIGN_STYLE = Automatic;
				CURRENT_PROJECT_VERSION = 6;
				DEVELOPMENT_ASSET_PATHS = "\"cards/Preview Content\"";
				DEVELOPMENT_TEAM = 4WMQY24R33;
				ENABLE_PREVIEWS = YES;
				GENERATE_INFOPLIST_FILE = YES;
				INFOPLIST_FILE = cards/Info.plist;
				INFOPLIST_KEY_CFBundleDisplayName = "Holder-debug";
				INFOPLIST_KEY_LSApplicationCategoryType = "public.app-category.utilities";
				INFOPLIST_KEY_NSCameraUsageDescription = "To scan cards";
				INFOPLIST_KEY_NSFaceIDUsageDescription = "To protect card details";
				INFOPLIST_KEY_UIApplicationSceneManifest_Generation = YES;
				INFOPLIST_KEY_UIApplicationSupportsIndirectInputEvents = YES;
				INFOPLIST_KEY_UILaunchScreen_Generation = YES;
				INFOPLIST_KEY_UISupportedInterfaceOrientations_iPad = "UIInterfaceOrientationPortrait UIInterfaceOrientationPortraitUpsideDown UIInterfaceOrientationLandscapeLeft UIInterfaceOrientationLandscapeRight";
				INFOPLIST_KEY_UISupportedInterfaceOrientations_iPhone = "UIInterfaceOrientationPortrait UIInterfaceOrientationLandscapeLeft UIInterfaceOrientationLandscapeRight";
				LD_RUNPATH_SEARCH_PATHS = (
					"$(inherited)",
					"@executable_path/Frameworks",
				);
				MARKETING_VERSION = 1.4;
				PRODUCT_BUNDLE_IDENTIFIER = com.swiftlysingh.cards.debug;
				PRODUCT_NAME = "Holder: A Secure Card Vault";
				SUPPORTED_PLATFORMS = "iphoneos iphonesimulator xros xrsimulator";
				SUPPORTS_MACCATALYST = NO;
				SUPPORTS_XR_DESIGNED_FOR_IPHONE_IPAD = NO;
				SWIFT_EMIT_LOC_STRINGS = YES;
				SWIFT_VERSION = 5.0;
				TARGETED_DEVICE_FAMILY = "1,2,7";
			};
			name = Debug;
		};
		EEBB52F62B238D6800035B92 /* Release */ = {
			isa = XCBuildConfiguration;
			buildSettings = {
				ASSETCATALOG_COMPILER_APPICON_NAME = AppIcon;
				ASSETCATALOG_COMPILER_GLOBAL_ACCENT_COLOR_NAME = AccentColor;
				CODE_SIGN_STYLE = Automatic;
				CURRENT_PROJECT_VERSION = 6;
				DEVELOPMENT_ASSET_PATHS = "\"cards/Preview Content\"";
				DEVELOPMENT_TEAM = 4WMQY24R33;
				ENABLE_PREVIEWS = YES;
				GENERATE_INFOPLIST_FILE = YES;
				INFOPLIST_FILE = cards/Info.plist;
				INFOPLIST_KEY_CFBundleDisplayName = Holder;
				INFOPLIST_KEY_LSApplicationCategoryType = "public.app-category.utilities";
				INFOPLIST_KEY_NSCameraUsageDescription = "To scan cards";
				INFOPLIST_KEY_NSFaceIDUsageDescription = "To protect card details";
				INFOPLIST_KEY_UIApplicationSceneManifest_Generation = YES;
				INFOPLIST_KEY_UIApplicationSupportsIndirectInputEvents = YES;
				INFOPLIST_KEY_UILaunchScreen_Generation = YES;
				INFOPLIST_KEY_UISupportedInterfaceOrientations_iPad = "UIInterfaceOrientationPortrait UIInterfaceOrientationPortraitUpsideDown UIInterfaceOrientationLandscapeLeft UIInterfaceOrientationLandscapeRight";
				INFOPLIST_KEY_UISupportedInterfaceOrientations_iPhone = "UIInterfaceOrientationPortrait UIInterfaceOrientationLandscapeLeft UIInterfaceOrientationLandscapeRight";
				LD_RUNPATH_SEARCH_PATHS = (
					"$(inherited)",
					"@executable_path/Frameworks",
				);
				MARKETING_VERSION = 1.4;
				PRODUCT_BUNDLE_IDENTIFIER = com.swiftlysingh.cards;
				PRODUCT_NAME = "Holder: A Secure Card Vault";
				SUPPORTED_PLATFORMS = "iphoneos iphonesimulator xros xrsimulator";
				SUPPORTS_MACCATALYST = NO;
				SUPPORTS_XR_DESIGNED_FOR_IPHONE_IPAD = NO;
				SWIFT_EMIT_LOC_STRINGS = YES;
				SWIFT_VERSION = 5.0;
				TARGETED_DEVICE_FAMILY = "1,2,7";
			};
			name = Release;
		};
/* End XCBuildConfiguration section */

/* Begin XCConfigurationList section */
		EEBB52E12B238D6600035B92 /* Build configuration list for PBXProject "cards" */ = {
			isa = XCConfigurationList;
			buildConfigurations = (
				EEBB52F22B238D6800035B92 /* Debug */,
				EEBB52F32B238D6800035B92 /* Release */,
				EE1D3E952B692C9F009733A5 /* Beta */,
			);
			defaultConfigurationIsVisible = 0;
			defaultConfigurationName = Release;
		};
		EEBB52F42B238D6800035B92 /* Build configuration list for PBXNativeTarget "cards" */ = {
			isa = XCConfigurationList;
			buildConfigurations = (
				EEBB52F52B238D6800035B92 /* Debug */,
				EEBB52F62B238D6800035B92 /* Release */,
				EE1D3E962B692C9F009733A5 /* Beta */,
			);
			defaultConfigurationIsVisible = 0;
			defaultConfigurationName = Release;
		};
/* End XCConfigurationList section */

/* Begin XCRemoteSwiftPackageReference section */
		EE3406CC2B6D0FF8007E7DD2 /* XCRemoteSwiftPackageReference "ios-card-scan" */ = {
			isa = XCRemoteSwiftPackageReference;
			repositoryURL = "https://github.com/swiftlysingh/ios-card-scan.git";
			requirement = {
				branch = master;
				kind = branch;
			};
		};
		EE6495A12BB16309008B71D7 /* XCRemoteSwiftPackageReference "SwiftClient" */ = {
			isa = XCRemoteSwiftPackageReference;
			repositoryURL = "https://github.com/TelemetryDeck/SwiftClient";
			requirement = {
				kind = upToNextMajorVersion;
				minimumVersion = 1.5.1;
			};
		};
		EEABD0CF2B6D8AD600FF34E6 /* XCRemoteSwiftPackageReference "WhatsNewKit" */ = {
			isa = XCRemoteSwiftPackageReference;
			repositoryURL = "https://github.com/SvenTiigi/WhatsNewKit.git";
			requirement = {
				kind = upToNextMajorVersion;
				minimumVersion = 2.2.0;
			};
		};
/* End XCRemoteSwiftPackageReference section */

/* Begin XCSwiftPackageProductDependency section */
		EE3406CD2B6D0FF8007E7DD2 /* SharkCardScan */ = {
			isa = XCSwiftPackageProductDependency;
			package = EE3406CC2B6D0FF8007E7DD2 /* XCRemoteSwiftPackageReference "ios-card-scan" */;
			productName = SharkCardScan;
		};
		EE6495A22BB16309008B71D7 /* TelemetryClient */ = {
			isa = XCSwiftPackageProductDependency;
			package = EE6495A12BB16309008B71D7 /* XCRemoteSwiftPackageReference "SwiftClient" */;
			productName = TelemetryClient;
		};
		EEABD0D02B6D8AD600FF34E6 /* WhatsNewKit */ = {
			isa = XCSwiftPackageProductDependency;
			package = EEABD0CF2B6D8AD600FF34E6 /* XCRemoteSwiftPackageReference "WhatsNewKit" */;
			productName = WhatsNewKit;
		};
/* End XCSwiftPackageProductDependency section */
	};
	rootObject = EEBB52DE2B238D6600035B92 /* Project object */;
}
